uuid: 78b16662-12fe-432b-94e6-2b9d0600f215
langcode: en-gb
status: true
dependencies:
  config:
    - field.storage.paragraph.field_block
    - paragraphs.paragraphs_type.block
  module:
    - block_field
id: paragraph.block.field_block
field_name: field_block
entity_type: paragraph
bundle: block
label: Block
description: ''
required: false
translatable: false
default_value: {  }
default_value_callback: ''
settings:
  selection: blocks
  selection_settings:
    plugin_ids:
      'mailchimp_signup_subscribe_block:newsletter_signup': 'mailchimp_signup_subscribe_block:newsletter_signup'
field_type: block_field
